
Microsoft Visual Studio Solution File, Format Version 12.00
# Visual Studio Version 17
VisualStudioVersion = 17.1.32210.238
MinimumVisualStudioVersion = 10.0.40219.1
Project("{FAE04EC0-301F-11D3-BF4B-00C04F79EFBC}") = "parttime", "parttime\parttime.csproj", "{23EDE136-9D65-4A58-91C2-70352D36B1A5}"
EndProject
Global
	GlobalSection(SolutionConfigurationPlatforms) = preSolution
		Debug|Any CPU = Debug|Any CPU
		Release|Any CPU = Release|Any CPU
	EndGlobalSection
	GlobalSection(ProjectConfigurationPlatforms) = postSolution
		{23EDE136-9D65-4A58-91C2-70352D36B1A5}.Debug|Any CPU.ActiveCfg = Debug|Any CPU
		{23EDE136-9D65-4A58-91C2-70352D36B1A5}.Debug|Any CPU.Build.0 = Debug|Any CPU
		{23EDE136-9D65-4A58-91C2-70352D36B1A5}.Release|Any CPU.ActiveCfg = Release|Any CPU
		{23EDE136-9D65-4A58-91C2-70352D36B1A5}.Release|Any CPU.Build.0 = Release|Any CPU
	EndGlobalSection
	GlobalSection(SolutionProperties) = preSolution
		HideSolutionNode = FALSE
	EndGlobalSection
	GlobalSection(ExtensibilityGlobals) = postSolution
		SolutionGuid = {2B888D78-8041-4C05-AAF3-5E05EE6BFA98}
	EndGlobalSection
EndGlobal
